// !$*UTF8*$!
{
	archiveVersion = 1;
	classes = {
	};
	objectVersion = 46;
	objects = {

/* Begin PBXBuildFile section */
		1846B85D1AA8C49900A23C3D /* main.m in Sources */ = {isa = PBXBuildFile; fileRef = 1846B85C1AA8C49900A23C3D /* main.m */; };
		1846B8601AA8C49900A23C3D /* AppDelegate.m in Sources */ = {isa = PBXBuildFile; fileRef = 1846B85F1AA8C49900A23C3D /* AppDelegate.m */; };
		1846B8631AA8C49900A23C3D /* SAVRZ.xcdatamodeld in Sources */ = {isa = PBXBuildFile; fileRef = 1846B8611AA8C49900A23C3D /* SAVRZ.xcdatamodeld */; };
		1846B8661AA8C49900A23C3D /* ViewController.m in Sources */ = {isa = PBXBuildFile; fileRef = 1846B8651AA8C49900A23C3D /* ViewController.m */; };
		1846B8691AA8C49900A23C3D /* Main.storyboard in Resources */ = {isa = PBXBuildFile; fileRef = 1846B8671AA8C49900A23C3D /* Main.storyboard */; };
		1846B86B1AA8C49900A23C3D /* Images.xcassets in Resources */ = {isa = PBXBuildFile; fileRef = 1846B86A1AA8C49900A23C3D /* Images.xcassets */; };
		1846B86E1AA8C49900A23C3D /* LaunchScreen.xib in Resources */ = {isa = PBXBuildFile; fileRef = 1846B86C1AA8C49900A23C3D /* LaunchScreen.xib */; };
		1846B87A1AA8C49900A23C3D /* SAVRZTests.m in Sources */ = {isa = PBXBuildFile; fileRef = 1846B8791AA8C49900A23C3D /* SAVRZTests.m */; };
		1846B88B1AA8C6CD00A23C3D /* Parse.framework in Frameworks */ = {isa = PBXBuildFile; fileRef = 1846B8861AA8C6CD00A23C3D /* Parse.framework */; };
		1846B88C1AA8C6CD00A23C3D /* ParseCrashReporting.framework in Frameworks */ = {isa = PBXBuildFile; fileRef = 1846B8871AA8C6CD00A23C3D /* ParseCrashReporting.framework */; };
		1846B88D1AA8C6CD00A23C3D /* ParseFacebookUtils.framework in Frameworks */ = {isa = PBXBuildFile; fileRef = 1846B8881AA8C6CD00A23C3D /* ParseFacebookUtils.framework */; };
		1846B88E1AA8C6CD00A23C3D /* ParseUI.framework in Frameworks */ = {isa = PBXBuildFile; fileRef = 1846B8891AA8C6CD00A23C3D /* ParseUI.framework */; };
		1846B8901AA8C6E600A23C3D /* Accounts.framework in Frameworks */ = {isa = PBXBuildFile; fileRef = 1846B88F1AA8C6E600A23C3D /* Accounts.framework */; };
		1846B8921AA8C6EE00A23C3D /* AudioToolbox.framework in Frameworks */ = {isa = PBXBuildFile; fileRef = 1846B8911AA8C6EE00A23C3D /* AudioToolbox.framework */; };
		1846B8941AA8C6F500A23C3D /* CFNetwork.framework in Frameworks */ = {isa = PBXBuildFile; fileRef = 1846B8931AA8C6F500A23C3D /* CFNetwork.framework */; };
		1846B8961AA8C6FC00A23C3D /* CoreGraphics.framework in Frameworks */ = {isa = PBXBuildFile; fileRef = 1846B8951AA8C6FC00A23C3D /* CoreGraphics.framework */; };
		1846B8981AA8C70400A23C3D /* CoreLocation.framework in Frameworks */ = {isa = PBXBuildFile; fileRef = 1846B8971AA8C70400A23C3D /* CoreLocation.framework */; };
		1846B89A1AA8C70B00A23C3D /* MobileCoreServices.framework in Frameworks */ = {isa = PBXBuildFile; fileRef = 1846B8991AA8C70B00A23C3D /* MobileCoreServices.framework */; };
		1846B89E1AA8C72600A23C3D /* Security.framework in Frameworks */ = {isa = PBXBuildFile; fileRef = 1846B89D1AA8C72600A23C3D /* Security.framework */; };
		1846B8A01AA8C72B00A23C3D /* Social.framework in Frameworks */ = {isa = PBXBuildFile; fileRef = 1846B89F1AA8C72B00A23C3D /* Social.framework */; };
		1846B8A21AA8C72F00A23C3D /* StoreKit.framework in Frameworks */ = {isa = PBXBuildFile; fileRef = 1846B8A11AA8C72F00A23C3D /* StoreKit.framework */; };
		1846B8A41AA8C73700A23C3D /* SystemConfiguration.framework in Frameworks */ = {isa = PBXBuildFile; fileRef = 1846B8A31AA8C73700A23C3D /* SystemConfiguration.framework */; };
		1846B8A61AA8C73F00A23C3D /* libz.dylib in Frameworks */ = {isa = PBXBuildFile; fileRef = 1846B8A51AA8C73F00A23C3D /* libz.dylib */; };
		1846B8A81AA8C74900A23C3D /* libsqlite3.dylib in Frameworks */ = {isa = PBXBuildFile; fileRef = 1846B8A71AA8C74900A23C3D /* libsqlite3.dylib */; };
		187264D91AAB925A0072FA00 /* LevelMoney.m in Sources */ = {isa = PBXBuildFile; fileRef = 187264D81AAB925A0072FA00 /* LevelMoney.m */; };
		187264DC1AAB976E0072FA00 /* ProfileViewController.m in Sources */ = {isa = PBXBuildFile; fileRef = 187264DB1AAB976E0072FA00 /* ProfileViewController.m */; };
		18B7D2E11AA8DE1F00147BED /* FacebookSDK.framework in Frameworks */ = {isa = PBXBuildFile; fileRef = 18B7D2E01AA8DE1F00147BED /* FacebookSDK.framework */; };
		18B7D2E61AA8DF8F00147BED /* QuartzCore.framework in Frameworks */ = {isa = PBXBuildFile; fileRef = 1846B89B1AA8C71F00A23C3D /* QuartzCore.framework */; };
		18B7D2E71AA8F88C00147BED /* Bolts.framework in Frameworks */ = {isa = PBXBuildFile; fileRef = 18B7D2E41AA8DF1600147BED /* Bolts.framework */; };
		18B7D2ED1AA9039100147BED /* LoginViewController.m in Sources */ = {isa = PBXBuildFile; fileRef = 18B7D2EC1AA9039100147BED /* LoginViewController.m */; };
		18B7D2F01AA918A800147BED /* CreatePoolViewController.m in Sources */ = {isa = PBXBuildFile; fileRef = 18B7D2EF1AA918A800147BED /* CreatePoolViewController.m */; };
		18B7D2F31AA91E9300147BED /* FBFriendsViewController.m in Sources */ = {isa = PBXBuildFile; fileRef = 18B7D2F21AA91E9300147BED /* FBFriendsViewController.m */; };
		18B7D2F61AAA4E1B00147BED /* FriendsCollectionViewCell.m in Sources */ = {isa = PBXBuildFile; fileRef = 18B7D2F51AAA4E1B00147BED /* FriendsCollectionViewCell.m */; };
/* End PBXBuildFile section */

/* Begin PBXContainerItemProxy section */
		1846B8741AA8C49900A23C3D /* PBXContainerItemProxy */ = {
			isa = PBXContainerItemProxy;
			containerPortal = 1846B84F1AA8C49900A23C3D /* Project object */;
			proxyType = 1;
			remoteGlobalIDString = 1846B8561AA8C49900A23C3D;
			remoteInfo = SAVRZ;
		};
/* End PBXContainerItemProxy section */

/* Begin PBXFileReference section */
		1846B8571AA8C49900A23C3D /* SAVRZ.app */ = {isa = PBXFileReference; explicitFileType = wrapper.application; includeInIndex = 0; path = SAVRZ.app; sourceTree = BUILT_PRODUCTS_DIR; };
		1846B85B1AA8C49900A23C3D /* Info.plist */ = {isa = PBXFileReference; lastKnownFileType = text.plist.xml; path = Info.plist; sourceTree = "<group>"; };
		1846B85C1AA8C49900A23C3D /* main.m */ = {isa = PBXFileReference; lastKnownFileType = sourcecode.c.objc; path = main.m; sourceTree = "<group>"; };
		1846B85E1AA8C49900A23C3D /* AppDelegate.h */ = {isa = PBXFileReference; lastKnownFileType = sourcecode.c.h; path = AppDelegate.h; sourceTree = "<group>"; };
		1846B85F1AA8C49900A23C3D /* AppDelegate.m */ = {isa = PBXFileReference; lastKnownFileType = sourcecode.c.objc; path = AppDelegate.m; sourceTree = "<group>"; };
		1846B8621AA8C49900A23C3D /* SAVRZ.xcdatamodel */ = {isa = PBXFileReference; lastKnownFileType = wrapper.xcdatamodel; path = SAVRZ.xcdatamodel; sourceTree = "<group>"; };
		1846B8641AA8C49900A23C3D /* ViewController.h */ = {isa = PBXFileReference; lastKnownFileType = sourcecode.c.h; path = ViewController.h; sourceTree = "<group>"; };
		1846B8651AA8C49900A23C3D /* ViewController.m */ = {isa = PBXFileReference; lastKnownFileType = sourcecode.c.objc; path = ViewController.m; sourceTree = "<group>"; };
		1846B8681AA8C49900A23C3D /* Base */ = {isa = PBXFileReference; lastKnownFileType = file.storyboard; name = Base; path = Base.lproj/Main.storyboard; sourceTree = "<group>"; };
		1846B86A1AA8C49900A23C3D /* Images.xcassets */ = {isa = PBXFileReference; lastKnownFileType = folder.assetcatalog; path = Images.xcassets; sourceTree = "<group>"; };
		1846B86D1AA8C49900A23C3D /* Base */ = {isa = PBXFileReference; lastKnownFileType = file.xib; name = Base; path = Base.lproj/LaunchScreen.xib; sourceTree = "<group>"; };
		1846B8731AA8C49900A23C3D /* SAVRZTests.xctest */ = {isa = PBXFileReference; explicitFileType = wrapper.cfbundle; includeInIndex = 0; path = SAVRZTests.xctest; sourceTree = BUILT_PRODUCTS_DIR; };
		1846B8781AA8C49900A23C3D /* Info.plist */ = {isa = PBXFileReference; lastKnownFileType = text.plist.xml; path = Info.plist; sourceTree = "<group>"; };
		1846B8791AA8C49900A23C3D /* SAVRZTests.m */ = {isa = PBXFileReference; lastKnownFileType = sourcecode.c.objc; path = SAVRZTests.m; sourceTree = "<group>"; };
		1846B8861AA8C6CD00A23C3D /* Parse.framework */ = {isa = PBXFileReference; lastKnownFileType = wrapper.framework; path = Parse.framework; sourceTree = "<group>"; };
		1846B8871AA8C6CD00A23C3D /* ParseCrashReporting.framework */ = {isa = PBXFileReference; lastKnownFileType = wrapper.framework; path = ParseCrashReporting.framework; sourceTree = "<group>"; };
		1846B8881AA8C6CD00A23C3D /* ParseFacebookUtils.framework */ = {isa = PBXFileReference; lastKnownFileType = wrapper.framework; path = ParseFacebookUtils.framework; sourceTree = "<group>"; };
		1846B8891AA8C6CD00A23C3D /* ParseUI.framework */ = {isa = PBXFileReference; lastKnownFileType = wrapper.framework; path = ParseUI.framework; sourceTree = "<group>"; };
		1846B88F1AA8C6E600A23C3D /* Accounts.framework */ = {isa = PBXFileReference; lastKnownFileType = wrapper.framework; name = Accounts.framework; path = System/Library/Frameworks/Accounts.framework; sourceTree = SDKROOT; };
		1846B8911AA8C6EE00A23C3D /* AudioToolbox.framework */ = {isa = PBXFileReference; lastKnownFileType = wrapper.framework; name = AudioToolbox.framework; path = System/Library/Frameworks/AudioToolbox.framework; sourceTree = SDKROOT; };
		1846B8931AA8C6F500A23C3D /* CFNetwork.framework */ = {isa = PBXFileReference; lastKnownFileType = wrapper.framework; name = CFNetwork.framework; path = System/Library/Frameworks/CFNetwork.framework; sourceTree = SDKROOT; };
		1846B8951AA8C6FC00A23C3D /* CoreGraphics.framework */ = {isa = PBXFileReference; lastKnownFileType = wrapper.framework; name = CoreGraphics.framework; path = System/Library/Frameworks/CoreGraphics.framework; sourceTree = SDKROOT; };
		1846B8971AA8C70400A23C3D /* CoreLocation.framework */ = {isa = PBXFileReference; lastKnownFileType = wrapper.framework; name = CoreLocation.framework; path = System/Library/Frameworks/CoreLocation.framework; sourceTree = SDKROOT; };
		1846B8991AA8C70B00A23C3D /* MobileCoreServices.framework */ = {isa = PBXFileReference; lastKnownFileType = wrapper.framework; name = MobileCoreServices.framework; path = System/Library/Frameworks/MobileCoreServices.framework; sourceTree = SDKROOT; };
		1846B89B1AA8C71F00A23C3D /* QuartzCore.framework */ = {isa = PBXFileReference; lastKnownFileType = wrapper.framework; name = QuartzCore.framework; path = System/Library/Frameworks/QuartzCore.framework; sourceTree = SDKROOT; };
		1846B89D1AA8C72600A23C3D /* Security.framework */ = {isa = PBXFileReference; lastKnownFileType = wrapper.framework; name = Security.framework; path = System/Library/Frameworks/Security.framework; sourceTree = SDKROOT; };
		1846B89F1AA8C72B00A23C3D /* Social.framework */ = {isa = PBXFileReference; lastKnownFileType = wrapper.framework; name = Social.framework; path = System/Library/Frameworks/Social.framework; sourceTree = SDKROOT; };
		1846B8A11AA8C72F00A23C3D /* StoreKit.framework */ = {isa = PBXFileReference; lastKnownFileType = wrapper.framework; name = StoreKit.framework; path = System/Library/Frameworks/StoreKit.framework; sourceTree = SDKROOT; };
		1846B8A31AA8C73700A23C3D /* SystemConfiguration.framework */ = {isa = PBXFileReference; lastKnownFileType = wrapper.framework; name = SystemConfiguration.framework; path = System/Library/Frameworks/SystemConfiguration.framework; sourceTree = SDKROOT; };
		1846B8A51AA8C73F00A23C3D /* libz.dylib */ = {isa = PBXFileReference; lastKnownFileType = "compiled.mach-o.dylib"; name = libz.dylib; path = usr/lib/libz.dylib; sourceTree = SDKROOT; };
		1846B8A71AA8C74900A23C3D /* libsqlite3.dylib */ = {isa = PBXFileReference; lastKnownFileType = "compiled.mach-o.dylib"; name = libsqlite3.dylib; path = usr/lib/libsqlite3.dylib; sourceTree = SDKROOT; };
		187264D71AAB925A0072FA00 /* LevelMoney.h */ = {isa = PBXFileReference; fileEncoding = 4; lastKnownFileType = sourcecode.c.h; path = LevelMoney.h; sourceTree = "<group>"; };
		187264D81AAB925A0072FA00 /* LevelMoney.m */ = {isa = PBXFileReference; fileEncoding = 4; lastKnownFileType = sourcecode.c.objc; path = LevelMoney.m; sourceTree = "<group>"; };
		187264DA1AAB976E0072FA00 /* ProfileViewController.h */ = {isa = PBXFileReference; fileEncoding = 4; lastKnownFileType = sourcecode.c.h; path = ProfileViewController.h; sourceTree = "<group>"; };
		187264DB1AAB976E0072FA00 /* ProfileViewController.m */ = {isa = PBXFileReference; fileEncoding = 4; lastKnownFileType = sourcecode.c.objc; path = ProfileViewController.m; sourceTree = "<group>"; };
		18B7D2E01AA8DE1F00147BED /* FacebookSDK.framework */ = {isa = PBXFileReference; lastKnownFileType = wrapper.framework; path = FacebookSDK.framework; sourceTree = "<group>"; };
		18B7D2E41AA8DF1600147BED /* Bolts.framework */ = {isa = PBXFileReference; lastKnownFileType = wrapper.framework; path = Bolts.framework; sourceTree = "<group>"; };
		18B7D2EB1AA9039100147BED /* LoginViewController.h */ = {isa = PBXFileReference; fileEncoding = 4; lastKnownFileType = sourcecode.c.h; path = LoginViewController.h; sourceTree = "<group>"; };
		18B7D2EC1AA9039100147BED /* LoginViewController.m */ = {isa = PBXFileReference; fileEncoding = 4; lastKnownFileType = sourcecode.c.objc; path = LoginViewController.m; sourceTree = "<group>"; };
		18B7D2EE1AA918A800147BED /* CreatePoolViewController.h */ = {isa = PBXFileReference; fileEncoding = 4; lastKnownFileType = sourcecode.c.h; path = CreatePoolViewController.h; sourceTree = "<group>"; };
		18B7D2EF1AA918A800147BED /* CreatePoolViewController.m */ = {isa = PBXFileReference; fileEncoding = 4; lastKnownFileType = sourcecode.c.objc; path = CreatePoolViewController.m; sourceTree = "<group>"; };
		18B7D2F11AA91E9300147BED /* FBFriendsViewController.h */ = {isa = PBXFileReference; fileEncoding = 4; lastKnownFileType = sourcecode.c.h; path = FBFriendsViewController.h; sourceTree = "<group>"; };
		18B7D2F21AA91E9300147BED /* FBFriendsViewController.m */ = {isa = PBXFileReference; fileEncoding = 4; lastKnownFileType = sourcecode.c.objc; path = FBFriendsViewController.m; sourceTree = "<group>"; };
		18B7D2F41AAA4E1B00147BED /* FriendsCollectionViewCell.h */ = {isa = PBXFileReference; fileEncoding = 4; lastKnownFileType = sourcecode.c.h; path = FriendsCollectionViewCell.h; sourceTree = "<group>"; };
		18B7D2F51AAA4E1B00147BED /* FriendsCollectionViewCell.m */ = {isa = PBXFileReference; fileEncoding = 4; lastKnownFileType = sourcecode.c.objc; path = FriendsCollectionViewCell.m; sourceTree = "<group>"; };
/* End PBXFileReference section */

/* Begin PBXFrameworksBuildPhase section */
		1846B8541AA8C49900A23C3D /* Frameworks */ = {
			isa = PBXFrameworksBuildPhase;
			buildActionMask = 2147483647;
			files = (
				18B7D2E71AA8F88C00147BED /* Bolts.framework in Frameworks */,
				18B7D2E61AA8DF8F00147BED /* QuartzCore.framework in Frameworks */,
				1846B8A81AA8C74900A23C3D /* libsqlite3.dylib in Frameworks */,
				1846B8A61AA8C73F00A23C3D /* libz.dylib in Frameworks */,
				1846B8A41AA8C73700A23C3D /* SystemConfiguration.framework in Frameworks */,
				1846B8A21AA8C72F00A23C3D /* StoreKit.framework in Frameworks */,
				1846B8A01AA8C72B00A23C3D /* Social.framework in Frameworks */,
				18B7D2E11AA8DE1F00147BED /* FacebookSDK.framework in Frameworks */,
				1846B89E1AA8C72600A23C3D /* Security.framework in Frameworks */,
				1846B89A1AA8C70B00A23C3D /* MobileCoreServices.framework in Frameworks */,
				1846B8981AA8C70400A23C3D /* CoreLocation.framework in Frameworks */,
				1846B8961AA8C6FC00A23C3D /* CoreGraphics.framework in Frameworks */,
				1846B8941AA8C6F500A23C3D /* CFNetwork.framework in Frameworks */,
				1846B8921AA8C6EE00A23C3D /* AudioToolbox.framework in Frameworks */,
				1846B8901AA8C6E600A23C3D /* Accounts.framework in Frameworks */,
				1846B88B1AA8C6CD00A23C3D /* Parse.framework in Frameworks */,
				1846B88C1AA8C6CD00A23C3D /* ParseCrashReporting.framework in Frameworks */,
				1846B88E1AA8C6CD00A23C3D /* ParseUI.framework in Frameworks */,
				1846B88D1AA8C6CD00A23C3D /* ParseFacebookUtils.framework in Frameworks */,
			);
			runOnlyForDeploymentPostprocessing = 0;
		};
		1846B8701AA8C49900A23C3D /* Frameworks */ = {
			isa = PBXFrameworksBuildPhase;
			buildActionMask = 2147483647;
			files = (
			);
			runOnlyForDeploymentPostprocessing = 0;
		};
/* End PBXFrameworksBuildPhase section */

/* Begin PBXGroup section */
		1846B84E1AA8C49900A23C3D = {
			isa = PBXGroup;
			children = (
				1846B8591AA8C49900A23C3D /* SAVRZ */,
				1846B8761AA8C49900A23C3D /* SAVRZTests */,
				1846B8581AA8C49900A23C3D /* Products */,
			);
			sourceTree = "<group>";
		};
		1846B8581AA8C49900A23C3D /* Products */ = {
			isa = PBXGroup;
			children = (
				1846B8571AA8C49900A23C3D /* SAVRZ.app */,
				1846B8731AA8C49900A23C3D /* SAVRZTests.xctest */,
			);
			name = Products;
			sourceTree = "<group>";
		};
		1846B8591AA8C49900A23C3D /* SAVRZ */ = {
			isa = PBXGroup;
			children = (
				187264DD1AAB977B0072FA00 /* Objects */,
				1846B8831AA8C6B600A23C3D /* Frameworks */,
				1846B85E1AA8C49900A23C3D /* AppDelegate.h */,
				1846B85F1AA8C49900A23C3D /* AppDelegate.m */,
				1846B8641AA8C49900A23C3D /* ViewController.h */,
				1846B8651AA8C49900A23C3D /* ViewController.m */,
				18B7D2EB1AA9039100147BED /* LoginViewController.h */,
				18B7D2EC1AA9039100147BED /* LoginViewController.m */,
				18B7D2EE1AA918A800147BED /* CreatePoolViewController.h */,
				18B7D2EF1AA918A800147BED /* CreatePoolViewController.m */,
				18B7D2F11AA91E9300147BED /* FBFriendsViewController.h */,
				18B7D2F21AA91E9300147BED /* FBFriendsViewController.m */,
				18B7D2F41AAA4E1B00147BED /* FriendsCollectionViewCell.h */,
				18B7D2F51AAA4E1B00147BED /* FriendsCollectionViewCell.m */,
				187264DA1AAB976E0072FA00 /* ProfileViewController.h */,
				187264DB1AAB976E0072FA00 /* ProfileViewController.m */,
				1846B8671AA8C49900A23C3D /* Main.storyboard */,
				1846B86A1AA8C49900A23C3D /* Images.xcassets */,
				1846B86C1AA8C49900A23C3D /* LaunchScreen.xib */,
				1846B8611AA8C49900A23C3D /* SAVRZ.xcdatamodeld */,
				1846B85A1AA8C49900A23C3D /* Supporting Files */,
			);
			path = SAVRZ;
			sourceTree = "<group>";
		};
		1846B85A1AA8C49900A23C3D /* Supporting Files */ = {
			isa = PBXGroup;
			children = (
				1846B85B1AA8C49900A23C3D /* Info.plist */,
				1846B85C1AA8C49900A23C3D /* main.m */,
			);
			name = "Supporting Files";
			sourceTree = "<group>";
		};
		1846B8761AA8C49900A23C3D /* SAVRZTests */ = {
			isa = PBXGroup;
			children = (
				1846B8791AA8C49900A23C3D /* SAVRZTests.m */,
				1846B8771AA8C49900A23C3D /* Supporting Files */,
			);
			path = SAVRZTests;
			sourceTree = "<group>";
		};
		1846B8771AA8C49900A23C3D /* Supporting Files */ = {
			isa = PBXGroup;
			children = (
				1846B8781AA8C49900A23C3D /* Info.plist */,
			);
			name = "Supporting Files";
			sourceTree = "<group>";
		};
		1846B8831AA8C6B600A23C3D /* Frameworks */ = {
			isa = PBXGroup;
			children = (
				1846B8A71AA8C74900A23C3D /* libsqlite3.dylib */,
				1846B8A51AA8C73F00A23C3D /* libz.dylib */,
				1846B8A31AA8C73700A23C3D /* SystemConfiguration.framework */,
				1846B8A11AA8C72F00A23C3D /* StoreKit.framework */,
				1846B89F1AA8C72B00A23C3D /* Social.framework */,
				1846B89D1AA8C72600A23C3D /* Security.framework */,
				1846B89B1AA8C71F00A23C3D /* QuartzCore.framework */,
				1846B8991AA8C70B00A23C3D /* MobileCoreServices.framework */,
				1846B8971AA8C70400A23C3D /* CoreLocation.framework */,
				1846B8951AA8C6FC00A23C3D /* CoreGraphics.framework */,
				1846B8931AA8C6F500A23C3D /* CFNetwork.framework */,
				1846B8911AA8C6EE00A23C3D /* AudioToolbox.framework */,
				1846B88F1AA8C6E600A23C3D /* Accounts.framework */,
				1846B8841AA8C6CD00A23C3D /* parse-library-1.6.4 */,
			);
			name = Frameworks;
			sourceTree = "<group>";
		};
		1846B8841AA8C6CD00A23C3D /* parse-library-1.6.4 */ = {
			isa = PBXGroup;
			children = (
				18B7D2E41AA8DF1600147BED /* Bolts.framework */,
				18B7D2E01AA8DE1F00147BED /* FacebookSDK.framework */,
				1846B8861AA8C6CD00A23C3D /* Parse.framework */,
				1846B8871AA8C6CD00A23C3D /* ParseCrashReporting.framework */,
				1846B8881AA8C6CD00A23C3D /* ParseFacebookUtils.framework */,
				1846B8891AA8C6CD00A23C3D /* ParseUI.framework */,
			);
			path = "parse-library-1.6.4";
			sourceTree = "<group>";
		};
		187264DD1AAB977B0072FA00 /* Objects */ = {
			isa = PBXGroup;
			children = (
				187264D71AAB925A0072FA00 /* LevelMoney.h */,
				187264D81AAB925A0072FA00 /* LevelMoney.m */,
			);
			name = Objects;
			sourceTree = "<group>";
		};
/* End PBXGroup section */

/* Begin PBXNativeTarget section */
		1846B8561AA8C49900A23C3D /* SAVRZ */ = {
			isa = PBXNativeTarget;
			buildConfigurationList = 1846B87D1AA8C49900A23C3D /* Build configuration list for PBXNativeTarget "SAVRZ" */;
			buildPhases = (
				1846B8531AA8C49900A23C3D /* Sources */,
				1846B8541AA8C49900A23C3D /* Frameworks */,
				1846B8551AA8C49900A23C3D /* Resources */,
			);
			buildRules = (
			);
			dependencies = (
			);
			name = SAVRZ;
			productName = SAVRZ;
			productReference = 1846B8571AA8C49900A23C3D /* SAVRZ.app */;
			productType = "com.apple.product-type.application";
		};
		1846B8721AA8C49900A23C3D /* SAVRZTests */ = {
			isa = PBXNativeTarget;
			buildConfigurationList = 1846B8801AA8C49900A23C3D /* Build configuration list for PBXNativeTarget "SAVRZTests" */;
			buildPhases = (
				1846B86F1AA8C49900A23C3D /* Sources */,
				1846B8701AA8C49900A23C3D /* Frameworks */,
				1846B8711AA8C49900A23C3D /* Resources */,
			);
			buildRules = (
			);
			dependencies = (
				1846B8751AA8C49900A23C3D /* PBXTargetDependency */,
			);
			name = SAVRZTests;
			productName = SAVRZTests;
			productReference = 1846B8731AA8C49900A23C3D /* SAVRZTests.xctest */;
			productType = "com.apple.product-type.bundle.unit-test";
		};
/* End PBXNativeTarget section */

/* Begin PBXProject section */
		1846B84F1AA8C49900A23C3D /* Project object */ = {
			isa = PBXProject;
			attributes = {
				LastUpgradeCheck = 0620;
				ORGANIZATIONNAME = "Tewodros Wondimu";
				TargetAttributes = {
					1846B8561AA8C49900A23C3D = {
						CreatedOnToolsVersion = 6.2;
					};
					1846B8721AA8C49900A23C3D = {
						CreatedOnToolsVersion = 6.2;
						TestTargetID = 1846B8561AA8C49900A23C3D;
					};
				};
			};
			buildConfigurationList = 1846B8521AA8C49900A23C3D /* Build configuration list for PBXProject "SAVRZ" */;
			compatibilityVersion = "Xcode 3.2";
			developmentRegion = English;
			hasScannedForEncodings = 0;
			knownRegions = (
				en,
				Base,
				he,
			);
			mainGroup = 1846B84E1AA8C49900A23C3D;
			productRefGroup = 1846B8581AA8C49900A23C3D /* Products */;
			projectDirPath = "";
			projectRoot = "";
			targets = (
				1846B8561AA8C49900A23C3D /* SAVRZ */,
				1846B8721AA8C49900A23C3D /* SAVRZTests */,
			);
		};
/* End PBXProject section */

/* Begin PBXResourcesBuildPhase section */
		1846B8551AA8C49900A23C3D /* Resources */ = {
			isa = PBXResourcesBuildPhase;
			buildActionMask = 2147483647;
			files = (
				1846B8691AA8C49900A23C3D /* Main.storyboard in Resources */,
				1846B86E1AA8C49900A23C3D /* LaunchScreen.xib in Resources */,
				1846B86B1AA8C49900A23C3D /* Images.xcassets in Resources */,
			);
			runOnlyForDeploymentPostprocessing = 0;
		};
		1846B8711AA8C49900A23C3D /* Resources */ = {
			isa = PBXResourcesBuildPhase;
			buildActionMask = 2147483647;
			files = (
			);
			runOnlyForDeploymentPostprocessing = 0;
		};
/* End PBXResourcesBuildPhase section */

/* Begin PBXSourcesBuildPhase section */
		1846B8531AA8C49900A23C3D /* Sources */ = {
			isa = PBXSourcesBuildPhase;
			buildActionMask = 2147483647;
			files = (
				18B7D2F61AAA4E1B00147BED /* FriendsCollectionViewCell.m in Sources */,
				1846B8631AA8C49900A23C3D /* SAVRZ.xcdatamodeld in Sources */,
				1846B8601AA8C49900A23C3D /* AppDelegate.m in Sources */,
				187264D91AAB925A0072FA00 /* LevelMoney.m in Sources */,
				187264DC1AAB976E0072FA00 /* ProfileViewController.m in Sources */,
				18B7D2F31AA91E9300147BED /* FBFriendsViewController.m in Sources */,
				1846B8661AA8C49900A23C3D /* ViewController.m in Sources */,
				1846B85D1AA8C49900A23C3D /* main.m in Sources */,
				18B7D2F01AA918A800147BED /* CreatePoolViewController.m in Sources */,
				18B7D2ED1AA9039100147BED /* LoginViewController.m in Sources */,
			);
			runOnlyForDeploymentPostprocessing = 0;
		};
		1846B86F1AA8C49900A23C3D /* Sources */ = {
			isa = PBXSourcesBuildPhase;
			buildActionMask = 2147483647;
			files = (
				1846B87A1AA8C49900A23C3D /* SAVRZTests.m in Sources */,
			);
			runOnlyForDeploymentPostprocessing = 0;
		};
/* End PBXSourcesBuildPhase section */

/* Begin PBXTargetDependency section */
		1846B8751AA8C49900A23C3D /* PBXTargetDependency */ = {
			isa = PBXTargetDependency;
			target = 1846B8561AA8C49900A23C3D /* SAVRZ */;
			targetProxy = 1846B8741AA8C49900A23C3D /* PBXContainerItemProxy */;
		};
/* End PBXTargetDependency section */

/* Begin PBXVariantGroup section */
		1846B8671AA8C49900A23C3D /* Main.storyboard */ = {
			isa = PBXVariantGroup;
			children = (
				1846B8681AA8C49900A23C3D /* Base */,
			);
			name = Main.storyboard;
			sourceTree = "<group>";
		};
		1846B86C1AA8C49900A23C3D /* LaunchScreen.xib */ = {
			isa = PBXVariantGroup;
			children = (
				1846B86D1AA8C49900A23C3D /* Base */,
			);
			name = LaunchScreen.xib;
			sourceTree = "<group>";
		};
/* End PBXVariantGroup section */

/* Begin XCBuildConfiguration section */
		1846B87B1AA8C49900A23C3D /* Debug */ = {
			isa = XCBuildConfiguration;
			buildSettings = {
				ALWAYS_SEARCH_USER_PATHS = NO;
				CLANG_CXX_LANGUAGE_STANDARD = "gnu++0x";
				CLANG_CXX_LIBRARY = "libc++";
				CLANG_ENABLE_MODULES = YES;
				CLANG_ENABLE_OBJC_ARC = YES;
				CLANG_WARN_BOOL_CONVERSION = YES;
				CLANG_WARN_CONSTANT_CONVERSION = YES;
				CLANG_WARN_DIRECT_OBJC_ISA_USAGE = YES_ERROR;
				CLANG_WARN_EMPTY_BODY = YES;
				CLANG_WARN_ENUM_CONVERSION = YES;
				CLANG_WARN_INT_CONVERSION = YES;
				CLANG_WARN_OBJC_ROOT_CLASS = YES_ERROR;
				CLANG_WARN_UNREACHABLE_CODE = YES;
				CLANG_WARN__DUPLICATE_METHOD_MATCH = YES;
				"CODE_SIGN_IDENTITY[sdk=iphoneos*]" = "iPhone Developer";
				COPY_PHASE_STRIP = NO;
				ENABLE_STRICT_OBJC_MSGSEND = YES;
				GCC_C_LANGUAGE_STANDARD = gnu99;
				GCC_DYNAMIC_NO_PIC = NO;
				GCC_OPTIMIZATION_LEVEL = 0;
				GCC_PREPROCESSOR_DEFINITIONS = (
					"DEBUG=1",
					"$(inherited)",
				);
				GCC_SYMBOLS_PRIVATE_EXTERN = NO;
				GCC_WARN_64_TO_32_BIT_CONVERSION = YES;
				GCC_WARN_ABOUT_RETURN_TYPE = YES_ERROR;
				GCC_WARN_UNDECLARED_SELECTOR = YES;
				GCC_WARN_UNINITIALIZED_AUTOS = YES_AGGRESSIVE;
				GCC_WARN_UNUSED_FUNCTION = YES;
				GCC_WARN_UNUSED_VARIABLE = YES;
				IPHONEOS_DEPLOYMENT_TARGET = 8.2;
				MTL_ENABLE_DEBUG_INFO = YES;
				ONLY_ACTIVE_ARCH = YES;
				SDKROOT = iphoneos;
			};
			name = Debug;
		};
		1846B87C1AA8C49900A23C3D /* Release */ = {
			isa = XCBuildConfiguration;
			buildSettings = {
				ALWAYS_SEARCH_USER_PATHS = NO;
				CLANG_CXX_LANGUAGE_STANDARD = "gnu++0x";
				CLANG_CXX_LIBRARY = "libc++";
				CLANG_ENABLE_MODULES = YES;
				CLANG_ENABLE_OBJC_ARC = YES;
				CLANG_WARN_BOOL_CONVERSION = YES;
				CLANG_WARN_CONSTANT_CONVERSION = YES;
				CLANG_WARN_DIRECT_OBJC_ISA_USAGE = YES_ERROR;
				CLANG_WARN_EMPTY_BODY = YES;
				CLANG_WARN_ENUM_CONVERSION = YES;
				CLANG_WARN_INT_CONVERSION = YES;
				CLANG_WARN_OBJC_ROOT_CLASS = YES_ERROR;
				CLANG_WARN_UNREACHABLE_CODE = YES;
				CLANG_WARN__DUPLICATE_METHOD_MATCH = YES;
				"CODE_SIGN_IDENTITY[sdk=iphoneos*]" = "iPhone Developer";
				COPY_PHASE_STRIP = YES;
				ENABLE_NS_ASSERTIONS = NO;
				ENABLE_STRICT_OBJC_MSGSEND = YES;
				GCC_C_LANGUAGE_STANDARD = gnu99;
				GCC_WARN_64_TO_32_BIT_CONVERSION = YES;
				GCC_WARN_ABOUT_RETURN_TYPE = YES_ERROR;
				GCC_WARN_UNDECLARED_SELECTOR = YES;
				GCC_WARN_UNINITIALIZED_AUTOS = YES_AGGRESSIVE;
				GCC_WARN_UNUSED_FUNCTION = YES;
				GCC_WARN_UNUSED_VARIABLE = YES;
				IPHONEOS_DEPLOYMENT_TARGET = 8.2;
				MTL_ENABLE_DEBUG_INFO = NO;
				SDKROOT = iphoneos;
				VALIDATE_PRODUCT = YES;
			};
			name = Release;
		};
		1846B87E1AA8C49900A23C3D /* Debug */ = {
			isa = XCBuildConfiguration;
			buildSettings = {
				ASSETCATALOG_COMPILER_APPICON_NAME = AppIcon;
				FRAMEWORK_SEARCH_PATHS = (
					"$(inherited)",
					"$(PROJECT_DIR)/SAVRZ/parse-library-1.6.4",
				);
				INFOPLIST_FILE = SAVRZ/Info.plist;
				IPHONEOS_DEPLOYMENT_TARGET = 8.0;
				LD_RUNPATH_SEARCH_PATHS = "$(inherited) @executable_path/Frameworks";
				OTHER_LDFLAGS = "";
				PRODUCT_NAME = "$(TARGET_NAME)";
			};
			name = Debug;
		};
		1846B87F1AA8C49900A23C3D /* Release */ = {
			isa = XCBuildConfiguration;
			buildSettings = {
				ASSETCATALOG_COMPILER_APPICON_NAME = AppIcon;
				FRAMEWORK_SEARCH_PATHS = (
					"$(inherited)",
					"$(PROJECT_DIR)/SAVRZ/parse-library-1.6.4",
				);
				INFOPLIST_FILE = SAVRZ/Info.plist;
				IPHONEOS_DEPLOYMENT_TARGET = 8.0;
				LD_RUNPATH_SEARCH_PATHS = "$(inherited) @executable_path/Frameworks";
				OTHER_LDFLAGS = "";
				PRODUCT_NAME = "$(TARGET_NAME)";
			};
			name = Release;
		};
		1846B8811AA8C49900A23C3D /* Debug */ = {
			isa = XCBuildConfiguration;
			buildSettings = {
				BUNDLE_LOADER = "$(TEST_HOST)";
				FRAMEWORK_SEARCH_PATHS = (
					"$(SDKROOT)/Developer/Library/Frameworks",
					"$(inherited)",
				);
				GCC_PREPROCESSOR_DEFINITIONS = (
					"DEBUG=1",
					"$(inherited)",
				);
				INFOPLIST_FILE = SAVRZTests/Info.plist;
				LD_RUNPATH_SEARCH_PATHS = "$(inherited) @executable_path/Frameworks @loader_path/Frameworks";
				PRODUCT_NAME = "$(TARGET_NAME)";
				TEST_HOST = "$(BUILT_PRODUCTS_DIR)/SAVRZ.app/SAVRZ";
			};
			name = Debug;
		};
		1846B8821AA8C49900A23C3D /* Release */ = {
			isa = XCBuildConfiguration;
			buildSettings = {
				BUNDLE_LOADER = "$(TEST_HOST)";
				FRAMEWORK_SEARCH_PATHS = (
					"$(SDKROOT)/Developer/Library/Frameworks",
					"$(inherited)",
				);
				INFOPLIST_FILE = SAVRZTests/Info.plist;
				LD_RUNPATH_SEARCH_PATHS = "$(inherited) @executable_path/Frameworks @loader_path/Frameworks";
				PRODUCT_NAME = "$(TARGET_NAME)";
				TEST_HOST = "$(BUILT_PRODUCTS_DIR)/SAVRZ.app/SAVRZ";
			};
			name = Release;
		};
/* End XCBuildConfiguration section */

/* Begin XCConfigurationList section */
		1846B8521AA8C49900A23C3D /* Build configuration list for PBXProject "SAVRZ" */ = {
			isa = XCConfigurationList;
			buildConfigurations = (
				1846B87B1AA8C49900A23C3D /* Debug */,
				1846B87C1AA8C49900A23C3D /* Release */,
			);
			defaultConfigurationIsVisible = 0;
			defaultConfigurationName = Release;
		};
		1846B87D1AA8C49900A23C3D /* Build configuration list for PBXNativeTarget "SAVRZ" */ = {
			isa = XCConfigurationList;
			buildConfigurations = (
				1846B87E1AA8C49900A23C3D /* Debug */,
				1846B87F1AA8C49900A23C3D /* Release */,
			);
			defaultConfigurationIsVisible = 0;
			defaultConfigurationName = Release;
		};
		1846B8801AA8C49900A23C3D /* Build configuration list for PBXNativeTarget "SAVRZTests" */ = {
			isa = XCConfigurationList;
			buildConfigurations = (
				1846B8811AA8C49900A23C3D /* Debug */,
				1846B8821AA8C49900A23C3D /* Release */,
			);
			defaultConfigurationIsVisible = 0;
			defaultConfigurationName = Release;
		};
/* End XCConfigurationList section */

/* Begin XCVersionGroup section */
		1846B8611AA8C49900A23C3D /* SAVRZ.xcdatamodeld */ = {
			isa = XCVersionGroup;
			children = (
				1846B8621AA8C49900A23C3D /* SAVRZ.xcdatamodel */,
			);
			currentVersion = 1846B8621AA8C49900A23C3D /* SAVRZ.xcdatamodel */;
			path = SAVRZ.xcdatamodeld;
			sourceTree = "<group>";
			versionGroupType = wrapper.xcdatamodel;
		};
/* End XCVersionGroup section */
	};
	rootObject = 1846B84F1AA8C49900A23C3D /* Project object */;
}
